
Microsoft Visual Studio Solution File, Format Version 12.00
# Visual Studio Version 17
VisualStudioVersion = 17.7.34031.279
MinimumVisualStudioVersion = 10.0.40219.1
Project("{FAE04EC0-301F-11D3-BF4B-00C04F79EFBC}") = "CodeGuruBackend", "CodeGuruBackend\CodeGuruBackend.csproj", "{F227E9CC-750A-478A-80D9-09B4C30C5212}"
EndProject
Global
	GlobalSection(SolutionConfigurationPlatforms) = preSolution
		Debug|Any CPU = Debug|Any CPU
		Release|Any CPU = Release|Any CPU
	EndGlobalSection
	GlobalSection(ProjectConfigurationPlatforms) = postSolution
		{F227E9CC-750A-478A-80D9-09B4C30C5212}.Debug|Any CPU.ActiveCfg = Debug|Any CPU
		{F227E9CC-750A-478A-80D9-09B4C30C5212}.Debug|Any CPU.Build.0 = Debug|Any CPU
		{F227E9CC-750A-478A-80D9-09B4C30C5212}.Release|Any CPU.ActiveCfg = Release|Any CPU
		{F227E9CC-750A-478A-80D9-09B4C30C5212}.Release|Any CPU.Build.0 = Release|Any CPU
	EndGlobalSection
	GlobalSection(SolutionProperties) = preSolution
		HideSolutionNode = FALSE
	EndGlobalSection
	GlobalSection(ExtensibilityGlobals) = postSolution
		SolutionGuid = {B3886F54-8A17-4988-B643-73168009F8F3}
	EndGlobalSection
EndGlobal
